github.com/gravwell/gcfg v1.2.5 h1:gkn0wbZz0I9XmQGs4Z0cq5iBe5qDx4IH5cjGzqyQjSw=
github.com/gravwell/gcfg v1.2.5/go.mod h1:lWsvu9YGmTXgqdrR4W926Ok7Vh8jvrwIhFMkn91PgU4=
gopkg.in/gcfg.v1 v1.2.3 h1:m8OOJ4ccYHnx2f4gQwpno8nAX5OGOh7RLaaz0pj3Ogs=
gopkg.in/gcfg.v1 v1.2.3/go.mod h1:yesOnuUOFQAhST5vPY4nbZsb/huCgGGXlipJsBn0b3o=
gopkg.in/warnings.v0 v0.1.2 h1:wFXVbFY8DY5/xOe1ECiWdKCzZlxgshcYVNkBHstARME=
gopkg.in/warnings.v0 v0.1.2/go.mod h1:jksf8JmL6Qr/oQM2OXTHunEvvTAsrWBLb6OOjuVWRNI=
